
Microsoft Visual Studio Solution File, Format Version 12.00
# Visual Studio Version 16
VisualStudioVersion = 16.0.31624.102
MinimumVisualStudioVersion = 10.0.40219.1
Project("{FAE04EC0-301F-11D3-BF4B-00C04F79EFBC}") = "PhoneBill", "PhoneBill\PhoneBill.csproj", "{4350BEF5-2BF0-4A34-9F17-EA567BB47DA5}"
EndProject
Global
	GlobalSection(SolutionConfigurationPlatforms) = preSolution
		Debug|Any CPU = Debug|Any CPU
		Release|Any CPU = Release|Any CPU
	EndGlobalSection
	GlobalSection(ProjectConfigurationPlatforms) = postSolution
		{4350BEF5-2BF0-4A34-9F17-EA567BB47DA5}.Debug|Any CPU.ActiveCfg = Debug|Any CPU
		{4350BEF5-2BF0-4A34-9F17-EA567BB47DA5}.Debug|Any CPU.Build.0 = Debug|Any CPU
		{4350BEF5-2BF0-4A34-9F17-EA567BB47DA5}.Release|Any CPU.ActiveCfg = Release|Any CPU
		{4350BEF5-2BF0-4A34-9F17-EA567BB47DA5}.Release|Any CPU.Build.0 = Release|Any CPU
	EndGlobalSection
	GlobalSection(SolutionProperties) = preSolution
		HideSolutionNode = FALSE
	EndGlobalSection
	GlobalSection(ExtensibilityGlobals) = postSolution
		SolutionGuid = {4D703533-78DC-40C0-B812-D73A625010F9}
	EndGlobalSection
EndGlobal
