
Microsoft Visual Studio Solution File, Format Version 12.00
# Visual Studio Version 16
VisualStudioVersion = 16.0.31624.102
MinimumVisualStudioVersion = 10.0.40219.1
Project("{FAE04EC0-301F-11D3-BF4B-00C04F79EFBC}") = "as7", "as7\as7.csproj", "{F9D7A0C3-0B64-4F3F-9483-94329C293C39}"
EndProject
Global
	GlobalSection(SolutionConfigurationPlatforms) = preSolution
		Debug|Any CPU = Debug|Any CPU
		Release|Any CPU = Release|Any CPU
	EndGlobalSection
	GlobalSection(ProjectConfigurationPlatforms) = postSolution
		{F9D7A0C3-0B64-4F3F-9483-94329C293C39}.Debug|Any CPU.ActiveCfg = Debug|Any CPU
		{F9D7A0C3-0B64-4F3F-9483-94329C293C39}.Debug|Any CPU.Build.0 = Debug|Any CPU
		{F9D7A0C3-0B64-4F3F-9483-94329C293C39}.Release|Any CPU.ActiveCfg = Release|Any CPU
		{F9D7A0C3-0B64-4F3F-9483-94329C293C39}.Release|Any CPU.Build.0 = Release|Any CPU
	EndGlobalSection
	GlobalSection(SolutionProperties) = preSolution
		HideSolutionNode = FALSE
	EndGlobalSection
	GlobalSection(ExtensibilityGlobals) = postSolution
		SolutionGuid = {FD5EADFF-1E3A-4FD5-BA27-87F2E1157E38}
	EndGlobalSection
EndGlobal
